# This file is automatically @generated by Poetry 1.8.2 and should not be changed by hand.

[[package]]
name = "ludic"
version = "0.4.1"
description = "Lightweight framework for building dynamic HTML pages in pure Python."
optional = false
python-versions = ">=3.12"
files = [
    {file = "ludic-0.4.1-py3-none-any.whl", hash = "sha256:6f97d7408de23d8e89f37db6e8727d100f0b55b811d40740d073f76673a6b79f"},
    {file = "ludic-0.4.1.tar.gz", hash = "sha256:d618742fe15774100dd9f1506e5f477dabbd2dcc65768dbbcfccece0879c0a0b"},
]

[package.dependencies]
typing-extensions = ">=4.9.0"

[package.extras]
dev = ["mypy", "types-pygments"]
full = ["pygments", "python-multipart (>=0.0.9)", "starlette", "typeguard (>=4.1.5)"]
test = ["httpx", "pytest", "pytest-cov"]

[[package]]
name = "typing-extensions"
version = "4.11.0"
description = "Backported and Experimental Type Hints for Python 3.8+"
optional = false
python-versions = ">=3.8"
files = [
    {file = "typing_extensions-4.11.0-py3-none-any.whl", hash = "sha256:c1f94d72897edaf4ce775bb7558d5b79d8126906a14ea5ed1635921406c0387a"},
    {file = "typing_extensions-4.11.0.tar.gz", hash = "sha256:83f085bd5ca59c80295fc2a82ab5dac679cbe02b9f33f7d83af68e241bea51b0"},
]

[metadata]
lock-version = "2.0"
python-versions = "^3.12"
content-hash = "418395cd8fdbd0c57dd37138b8712f63dd04f0baffc8ea2da0e9790b2948810c"
